
Microsoft Visual Studio Solution File, Format Version 12.00
# Visual Studio Version 16
VisualStudioVersion = 16.0.810.25
MinimumVisualStudioVersion = 10.0.40219.1
Project("{FAE04EC0-301F-11D3-BF4B-00C04F79EFBC}") = "BirdWatcher", "BirdWatcher.csproj", "{CD12FA39-332A-45A4-81E0-2A52BCCF2777}"
EndProject
Global
	GlobalSection(SolutionConfigurationPlatforms) = preSolution
		Debug|Any CPU = Debug|Any CPU
		Release|Any CPU = Release|Any CPU
	EndGlobalSection
	GlobalSection(ProjectConfigurationPlatforms) = postSolution
		{CD12FA39-332A-45A4-81E0-2A52BCCF2777}.Debug|Any CPU.ActiveCfg = Debug|Any CPU
		{CD12FA39-332A-45A4-81E0-2A52BCCF2777}.Debug|Any CPU.Build.0 = Debug|Any CPU
		{CD12FA39-332A-45A4-81E0-2A52BCCF2777}.Release|Any CPU.ActiveCfg = Release|Any CPU
		{CD12FA39-332A-45A4-81E0-2A52BCCF2777}.Release|Any CPU.Build.0 = Release|Any CPU
	EndGlobalSection
	GlobalSection(SolutionProperties) = preSolution
		HideSolutionNode = FALSE
	EndGlobalSection
	GlobalSection(ExtensibilityGlobals) = postSolution
		SolutionGuid = {AC51EE5A-CB31-4D08-9018-6E03844E745B}
	EndGlobalSection
EndGlobal
