
Microsoft Visual Studio Solution File, Format Version 12.00
# Visual Studio Version 16
VisualStudioVersion = 16.0.810.24
MinimumVisualStudioVersion = 10.0.40219.1
Project("{FAE04EC0-301F-11D3-BF4B-00C04F79EFBC}") = "CarsAssemble", "CarsAssemble\CarsAssemble.csproj", "{B7CA4797-43C6-4041-99A4-63442AA8E808}"
EndProject
Project("{FAE04EC0-301F-11D3-BF4B-00C04F79EFBC}") = "CarsAssembleTests", "CarsAssembleTests\CarsAssembleTests.csproj", "{52E8181B-E27E-4705-BB5D-790956C6E33F}"
EndProject
Global
	GlobalSection(SolutionConfigurationPlatforms) = preSolution
		Debug|Any CPU = Debug|Any CPU
		Release|Any CPU = Release|Any CPU
	EndGlobalSection
	GlobalSection(ProjectConfigurationPlatforms) = postSolution
		{B7CA4797-43C6-4041-99A4-63442AA8E808}.Debug|Any CPU.ActiveCfg = Debug|Any CPU
		{B7CA4797-43C6-4041-99A4-63442AA8E808}.Debug|Any CPU.Build.0 = Debug|Any CPU
		{B7CA4797-43C6-4041-99A4-63442AA8E808}.Release|Any CPU.ActiveCfg = Release|Any CPU
		{B7CA4797-43C6-4041-99A4-63442AA8E808}.Release|Any CPU.Build.0 = Release|Any CPU
		{52E8181B-E27E-4705-BB5D-790956C6E33F}.Debug|Any CPU.ActiveCfg = Debug|Any CPU
		{52E8181B-E27E-4705-BB5D-790956C6E33F}.Debug|Any CPU.Build.0 = Debug|Any CPU
		{52E8181B-E27E-4705-BB5D-790956C6E33F}.Release|Any CPU.ActiveCfg = Release|Any CPU
		{52E8181B-E27E-4705-BB5D-790956C6E33F}.Release|Any CPU.Build.0 = Release|Any CPU
	EndGlobalSection
	GlobalSection(SolutionProperties) = preSolution
		HideSolutionNode = FALSE
	EndGlobalSection
	GlobalSection(ExtensibilityGlobals) = postSolution
		SolutionGuid = {F7F2C9A3-39F5-4100-B1D8-DD87F90EB605}
	EndGlobalSection
EndGlobal
